
Microsoft Visual Studio Solution File, Format Version 12.00
# Visual Studio Version 17
VisualStudioVersion = 17.9.34728.123
MinimumVisualStudioVersion = 10.0.40219.1
Project("{888888A0-9F3D-457C-B088-3A5042F75D52}") = "Image-Categoriser", "Image-Categoriser.pyproj", "{39D0F30C-9D06-453A-B6F4-3193893BC5F8}"
EndProject
Global
	GlobalSection(SolutionConfigurationPlatforms) = preSolution
		Debug|Any CPU = Debug|Any CPU
		Release|Any CPU = Release|Any CPU
	EndGlobalSection
	GlobalSection(ProjectConfigurationPlatforms) = postSolution
		{39D0F30C-9D06-453A-B6F4-3193893BC5F8}.Debug|Any CPU.ActiveCfg = Debug|Any CPU
		{39D0F30C-9D06-453A-B6F4-3193893BC5F8}.Debug|Any CPU.Build.0 = Debug|Any CPU
		{39D0F30C-9D06-453A-B6F4-3193893BC5F8}.Release|Any CPU.ActiveCfg = Release|Any CPU
		{39D0F30C-9D06-453A-B6F4-3193893BC5F8}.Release|Any CPU.Build.0 = Release|Any CPU
	EndGlobalSection
	GlobalSection(SolutionProperties) = preSolution
		HideSolutionNode = FALSE
	EndGlobalSection
	GlobalSection(ExtensibilityGlobals) = postSolution
		SolutionGuid = {8872BF23-9657-4D02-A922-473148E25086}
	EndGlobalSection
EndGlobal
